
Microsoft Visual Studio Solution File, Format Version 12.00
# Visual Studio Version 17
VisualStudioVersion = 17.5.002.0
MinimumVisualStudioVersion = 10.0.40219.1
Project("{9A19103F-16F7-4668-BE54-9A1E7A4F7556}") = "MediaWatcher", "MediaWatcher.csproj", "{49AD343F-2DC8-4915-AB91-786FC672AB7C}"
EndProject
Global
	GlobalSection(SolutionConfigurationPlatforms) = preSolution
		Debug|Any CPU = Debug|Any CPU
		Release|Any CPU = Release|Any CPU
	EndGlobalSection
	GlobalSection(ProjectConfigurationPlatforms) = postSolution
		{49AD343F-2DC8-4915-AB91-786FC672AB7C}.Debug|Any CPU.ActiveCfg = Debug|Any CPU
		{49AD343F-2DC8-4915-AB91-786FC672AB7C}.Debug|Any CPU.Build.0 = Debug|Any CPU
		{49AD343F-2DC8-4915-AB91-786FC672AB7C}.Release|Any CPU.ActiveCfg = Release|Any CPU
		{49AD343F-2DC8-4915-AB91-786FC672AB7C}.Release|Any CPU.Build.0 = Release|Any CPU
	EndGlobalSection
	GlobalSection(SolutionProperties) = preSolution
		HideSolutionNode = FALSE
	EndGlobalSection
	GlobalSection(ExtensibilityGlobals) = postSolution
		SolutionGuid = {56BCF4A8-AEF3-4AEF-ACD9-01EFFA64BA76}
	EndGlobalSection
EndGlobal
